
Microsoft Visual Studio Solution File, Format Version 12.00
# Visual Studio Version 17
VisualStudioVersion = 17.8.34330.188
MinimumVisualStudioVersion = 10.0.40219.1
Project("{2150E333-8FDC-42A3-9474-1A3956D46DE8}") = "ThirdParty", "ThirdParty", "{77B0157E-B6C2-3F62-97A8-99A6675886E1}"
EndProject
Project("{2150E333-8FDC-42A3-9474-1A3956D46DE8}") = "_cmake", "_cmake", "{74C26D02-55BF-3177-B929-AAAAD8673F98}"
EndProject
Project("{8BC9CEB8-8B4A-11D0-8D11-00A0C91BC942}") = "ZERO_CHECK", "..\ZERO_CHECK.vcxproj", "{1034FF7D-147D-320A-BAD1-3AC6B0768036}"
EndProject
Project("{8BC9CEB8-8B4A-11D0-8D11-00A0C91BC942}") = "fmt", "..\nvpro_core\third_party\fmt.vcxproj", "{3165A9C1-C85A-3440-8B31-3F1B2737453E}"
	ProjectSection(ProjectDependencies) = postProject
		{1034FF7D-147D-320A-BAD1-3AC6B0768036} = {1034FF7D-147D-320A-BAD1-3AC6B0768036}
	EndProjectSection
EndProject
Project("{8BC9CEB8-8B4A-11D0-8D11-00A0C91BC942}") = "glfw", "..\nvpro_core\third_party\glfw\src\glfw.vcxproj", "{3AC3CA08-CE27-3DB0-BF67-EF6A3F724CE4}"
	ProjectSection(ProjectDependencies) = postProject
		{1034FF7D-147D-320A-BAD1-3AC6B0768036} = {1034FF7D-147D-320A-BAD1-3AC6B0768036}
	EndProjectSection
EndProject
Project("{8BC9CEB8-8B4A-11D0-8D11-00A0C91BC942}") = "imgui", "..\nvpro_core\third_party\imgui.vcxproj", "{034CD293-7535-3269-A649-4C34C476C225}"
	ProjectSection(ProjectDependencies) = postProject
		{1034FF7D-147D-320A-BAD1-3AC6B0768036} = {1034FF7D-147D-320A-BAD1-3AC6B0768036}
	EndProjectSection
EndProject
Project("{8BC9CEB8-8B4A-11D0-8D11-00A0C91BC942}") = "implot", "..\nvpro_core\third_party\implot.vcxproj", "{89174614-432B-3CA1-B949-8724858C792A}"
	ProjectSection(ProjectDependencies) = postProject
		{1034FF7D-147D-320A-BAD1-3AC6B0768036} = {1034FF7D-147D-320A-BAD1-3AC6B0768036}
	EndProjectSection
EndProject
Project("{8BC9CEB8-8B4A-11D0-8D11-00A0C91BC942}") = "nvpro_core", "..\nvpro_core\nvpro_core.vcxproj", "{7205419E-9B96-3CD7-BA2E-1C28DF3A177C}"
	ProjectSection(ProjectDependencies) = postProject
		{1034FF7D-147D-320A-BAD1-3AC6B0768036} = {1034FF7D-147D-320A-BAD1-3AC6B0768036}
		{3165A9C1-C85A-3440-8B31-3F1B2737453E} = {3165A9C1-C85A-3440-8B31-3F1B2737453E}
		{3AC3CA08-CE27-3DB0-BF67-EF6A3F724CE4} = {3AC3CA08-CE27-3DB0-BF67-EF6A3F724CE4}
		{034CD293-7535-3269-A649-4C34C476C225} = {034CD293-7535-3269-A649-4C34C476C225}
		{89174614-432B-3CA1-B949-8724858C792A} = {89174614-432B-3CA1-B949-8724858C792A}
	EndProjectSection
EndProject
Project("{8BC9CEB8-8B4A-11D0-8D11-00A0C91BC942}") = "NytokOrange", "vk_ray_tracing__before_KHR.vcxproj", "{41C49C5D-396D-31A9-B4CA-C8BC4D1E5B37}"
	ProjectSection(ProjectDependencies) = postProject
		{1034FF7D-147D-320A-BAD1-3AC6B0768036} = {1034FF7D-147D-320A-BAD1-3AC6B0768036}
		{3165A9C1-C85A-3440-8B31-3F1B2737453E} = {3165A9C1-C85A-3440-8B31-3F1B2737453E}
		{3AC3CA08-CE27-3DB0-BF67-EF6A3F724CE4} = {3AC3CA08-CE27-3DB0-BF67-EF6A3F724CE4}
		{034CD293-7535-3269-A649-4C34C476C225} = {034CD293-7535-3269-A649-4C34C476C225}
		{89174614-432B-3CA1-B949-8724858C792A} = {89174614-432B-3CA1-B949-8724858C792A}
		{7205419E-9B96-3CD7-BA2E-1C28DF3A177C} = {7205419E-9B96-3CD7-BA2E-1C28DF3A177C}
	EndProjectSection
EndProject
Global
	GlobalSection(SolutionConfigurationPlatforms) = preSolution
		Debug|x64 = Debug|x64
		MinSizeRel|x64 = MinSizeRel|x64
		Release|x64 = Release|x64
		RelWithDebInfo|x64 = RelWithDebInfo|x64
	EndGlobalSection
	GlobalSection(ProjectConfigurationPlatforms) = postSolution
		{1034FF7D-147D-320A-BAD1-3AC6B0768036}.Debug|x64.ActiveCfg = Debug|x64
		{1034FF7D-147D-320A-BAD1-3AC6B0768036}.Debug|x64.Build.0 = Debug|x64
		{1034FF7D-147D-320A-BAD1-3AC6B0768036}.MinSizeRel|x64.ActiveCfg = MinSizeRel|x64
		{1034FF7D-147D-320A-BAD1-3AC6B0768036}.MinSizeRel|x64.Build.0 = MinSizeRel|x64
		{1034FF7D-147D-320A-BAD1-3AC6B0768036}.Release|x64.ActiveCfg = Release|x64
		{1034FF7D-147D-320A-BAD1-3AC6B0768036}.Release|x64.Build.0 = Release|x64
		{1034FF7D-147D-320A-BAD1-3AC6B0768036}.RelWithDebInfo|x64.ActiveCfg = RelWithDebInfo|x64
		{1034FF7D-147D-320A-BAD1-3AC6B0768036}.RelWithDebInfo|x64.Build.0 = RelWithDebInfo|x64
		{3165A9C1-C85A-3440-8B31-3F1B2737453E}.Debug|x64.ActiveCfg = Debug|x64
		{3165A9C1-C85A-3440-8B31-3F1B2737453E}.Debug|x64.Build.0 = Debug|x64
		{3165A9C1-C85A-3440-8B31-3F1B2737453E}.MinSizeRel|x64.ActiveCfg = MinSizeRel|x64
		{3165A9C1-C85A-3440-8B31-3F1B2737453E}.MinSizeRel|x64.Build.0 = MinSizeRel|x64
		{3165A9C1-C85A-3440-8B31-3F1B2737453E}.Release|x64.ActiveCfg = Release|x64
		{3165A9C1-C85A-3440-8B31-3F1B2737453E}.Release|x64.Build.0 = Release|x64
		{3165A9C1-C85A-3440-8B31-3F1B2737453E}.RelWithDebInfo|x64.ActiveCfg = RelWithDebInfo|x64
		{3165A9C1-C85A-3440-8B31-3F1B2737453E}.RelWithDebInfo|x64.Build.0 = RelWithDebInfo|x64
		{3AC3CA08-CE27-3DB0-BF67-EF6A3F724CE4}.Debug|x64.ActiveCfg = Debug|x64
		{3AC3CA08-CE27-3DB0-BF67-EF6A3F724CE4}.Debug|x64.Build.0 = Debug|x64
		{3AC3CA08-CE27-3DB0-BF67-EF6A3F724CE4}.MinSizeRel|x64.ActiveCfg = MinSizeRel|x64
		{3AC3CA08-CE27-3DB0-BF67-EF6A3F724CE4}.MinSizeRel|x64.Build.0 = MinSizeRel|x64
		{3AC3CA08-CE27-3DB0-BF67-EF6A3F724CE4}.Release|x64.ActiveCfg = Release|x64
		{3AC3CA08-CE27-3DB0-BF67-EF6A3F724CE4}.Release|x64.Build.0 = Release|x64
		{3AC3CA08-CE27-3DB0-BF67-EF6A3F724CE4}.RelWithDebInfo|x64.ActiveCfg = RelWithDebInfo|x64
		{3AC3CA08-CE27-3DB0-BF67-EF6A3F724CE4}.RelWithDebInfo|x64.Build.0 = RelWithDebInfo|x64
		{034CD293-7535-3269-A649-4C34C476C225}.Debug|x64.ActiveCfg = Debug|x64
		{034CD293-7535-3269-A649-4C34C476C225}.Debug|x64.Build.0 = Debug|x64
		{034CD293-7535-3269-A649-4C34C476C225}.MinSizeRel|x64.ActiveCfg = MinSizeRel|x64
		{034CD293-7535-3269-A649-4C34C476C225}.MinSizeRel|x64.Build.0 = MinSizeRel|x64
		{034CD293-7535-3269-A649-4C34C476C225}.Release|x64.ActiveCfg = Release|x64
		{034CD293-7535-3269-A649-4C34C476C225}.Release|x64.Build.0 = Release|x64
		{034CD293-7535-3269-A649-4C34C476C225}.RelWithDebInfo|x64.ActiveCfg = RelWithDebInfo|x64
		{034CD293-7535-3269-A649-4C34C476C225}.RelWithDebInfo|x64.Build.0 = RelWithDebInfo|x64
		{89174614-432B-3CA1-B949-8724858C792A}.Debug|x64.ActiveCfg = Debug|x64
		{89174614-432B-3CA1-B949-8724858C792A}.Debug|x64.Build.0 = Debug|x64
		{89174614-432B-3CA1-B949-8724858C792A}.MinSizeRel|x64.ActiveCfg = MinSizeRel|x64
		{89174614-432B-3CA1-B949-8724858C792A}.MinSizeRel|x64.Build.0 = MinSizeRel|x64
		{89174614-432B-3CA1-B949-8724858C792A}.Release|x64.ActiveCfg = Release|x64
		{89174614-432B-3CA1-B949-8724858C792A}.Release|x64.Build.0 = Release|x64
		{89174614-432B-3CA1-B949-8724858C792A}.RelWithDebInfo|x64.ActiveCfg = RelWithDebInfo|x64
		{89174614-432B-3CA1-B949-8724858C792A}.RelWithDebInfo|x64.Build.0 = RelWithDebInfo|x64
		{7205419E-9B96-3CD7-BA2E-1C28DF3A177C}.Debug|x64.ActiveCfg = Debug|x64
		{7205419E-9B96-3CD7-BA2E-1C28DF3A177C}.Debug|x64.Build.0 = Debug|x64
		{7205419E-9B96-3CD7-BA2E-1C28DF3A177C}.MinSizeRel|x64.ActiveCfg = MinSizeRel|x64
		{7205419E-9B96-3CD7-BA2E-1C28DF3A177C}.MinSizeRel|x64.Build.0 = MinSizeRel|x64
		{7205419E-9B96-3CD7-BA2E-1C28DF3A177C}.Release|x64.ActiveCfg = Release|x64
		{7205419E-9B96-3CD7-BA2E-1C28DF3A177C}.Release|x64.Build.0 = Release|x64
		{7205419E-9B96-3CD7-BA2E-1C28DF3A177C}.RelWithDebInfo|x64.ActiveCfg = RelWithDebInfo|x64
		{7205419E-9B96-3CD7-BA2E-1C28DF3A177C}.RelWithDebInfo|x64.Build.0 = RelWithDebInfo|x64
		{41C49C5D-396D-31A9-B4CA-C8BC4D1E5B37}.Debug|x64.ActiveCfg = Debug|x64
		{41C49C5D-396D-31A9-B4CA-C8BC4D1E5B37}.Debug|x64.Build.0 = Debug|x64
		{41C49C5D-396D-31A9-B4CA-C8BC4D1E5B37}.MinSizeRel|x64.ActiveCfg = MinSizeRel|x64
		{41C49C5D-396D-31A9-B4CA-C8BC4D1E5B37}.MinSizeRel|x64.Build.0 = MinSizeRel|x64
		{41C49C5D-396D-31A9-B4CA-C8BC4D1E5B37}.Release|x64.ActiveCfg = Release|x64
		{41C49C5D-396D-31A9-B4CA-C8BC4D1E5B37}.Release|x64.Build.0 = Release|x64
		{41C49C5D-396D-31A9-B4CA-C8BC4D1E5B37}.RelWithDebInfo|x64.ActiveCfg = RelWithDebInfo|x64
		{41C49C5D-396D-31A9-B4CA-C8BC4D1E5B37}.RelWithDebInfo|x64.Build.0 = RelWithDebInfo|x64
	EndGlobalSection
	GlobalSection(SolutionProperties) = preSolution
		HideSolutionNode = FALSE
	EndGlobalSection
	GlobalSection(NestedProjects) = preSolution
		{1034FF7D-147D-320A-BAD1-3AC6B0768036} = {74C26D02-55BF-3177-B929-AAAAD8673F98}
		{3165A9C1-C85A-3440-8B31-3F1B2737453E} = {77B0157E-B6C2-3F62-97A8-99A6675886E1}
		{3AC3CA08-CE27-3DB0-BF67-EF6A3F724CE4} = {77B0157E-B6C2-3F62-97A8-99A6675886E1}
		{034CD293-7535-3269-A649-4C34C476C225} = {77B0157E-B6C2-3F62-97A8-99A6675886E1}
		{89174614-432B-3CA1-B949-8724858C792A} = {77B0157E-B6C2-3F62-97A8-99A6675886E1}
	EndGlobalSection
	GlobalSection(ExtensibilityGlobals) = postSolution
		SolutionGuid = {F93A959E-32B7-3E23-8ACA-AFF0E4AFCAD0}
	EndGlobalSection
EndGlobal
