<?xml version="1.0" encoding="utf-8"?>
<Project ToolsVersion="17.0" xmlns="http://schemas.microsoft.com/developer/msbuild/2003">
  <ItemGroup>
    <ClCompile Include="D:\Projects\nvpro_core\nvp\perproject_globals.cpp">
      <Filter>Common</Filter>
    </ClCompile>
    <ClCompile Include="D:\Projects\nvpro_core\nvvk\nsight_aftermath_vk.cpp">
      <Filter>Common</Filter>
    </ClCompile>
    <ClCompile Include="D:\Projects\vk_raytracing_tutorial_KHR\common\obj_loader.cpp">
      <Filter>Common</Filter>
    </ClCompile>
    <ClCompile Include="hello_vulkan.cpp">
      <Filter>Sources</Filter>
    </ClCompile>
    <ClCompile Include="main.cpp">
      <Filter>Sources</Filter>
    </ClCompile>
    <ClCompile Include="Raytrace.cpp">
      <Filter>Sources</Filter>
    </ClCompile>
    <ClCompile Include="src\ChunkConst.cpp">
      <Filter>Core\Source</Filter>
    </ClCompile>
    <ClCompile Include="src\ComputeBuffer.cpp">
      <Filter>Core\Source</Filter>
    </ClCompile>
    <ClCompile Include="src\ComputeShader.cpp">
      <Filter>Core\Source</Filter>
    </ClCompile>
    <ClCompile Include="src\DisjointCommandDispatcher.cpp">
      <Filter>Core\Source</Filter>
    </ClCompile>
    <ClCompile Include="src\DistanceCalculations.cpp">
      <Filter>Core\Source</Filter>
    </ClCompile>
    <ClCompile Include="src\LoadComputeShaders.cpp">
      <Filter>Core\Source</Filter>
    </ClCompile>
    <ClCompile Include="src\nveQueues.cpp">
      <Filter>Core\Source</Filter>
    </ClCompile>
    <ClCompile Include="src\QueueFamilyIndices.cpp">
      <Filter>Core\Source</Filter>
    </ClCompile>
    <ClCompile Include="src\ProductionPackage.cpp">
      <Filter>Core\Source</Filter>
    </ClCompile>
    <ClCompile Include="src\SingleTimeCommands.cpp">
      <Filter>Core\Source</Filter>
    </ClCompile>
    <ClCompile Include="src\SpareFences.cpp">
      <Filter>Core\Source</Filter>
    </ClCompile>
    <ClCompile Include="src\stdafx.cpp">
      <Filter>Core\Source</Filter>
    </ClCompile>
    <ClCompile Include="src\ModelManager.cpp" />
    <ClCompile Include="src\ChunkManager.cpp" />
    <ClCompile Include="src\ChunkInterface.cpp" />
    <ClCompile Include="src\GenerationCoordinator.cpp" />
    <ClCompile Include="shaders\ChunkGPUConst.cpp" />
    <ClCompile Include="src\RenderPassGenerator.cpp" />
    <ClCompile Include="src\ManualRenderPass.cpp" />
    <ClCompile Include="src\Entity.cpp" />
    <ClCompile Include="src\EntityManager.cpp" />
  </ItemGroup>
  <ItemGroup>
    <ClInclude Include="D:\Projects\nvpro_core\nvp\resources.h">
      <Filter>Common</Filter>
    </ClInclude>
    <ClInclude Include="D:\Projects\vk_raytracing_tutorial_KHR\common\obj_loader.h">
      <Filter>Common</Filter>
    </ClInclude>
    <ClInclude Include="D:\VulkanSDKB\Include\vulkan\vulkan_core.h">
      <Filter>Common</Filter>
    </ClInclude>
    <ClInclude Include="D:\Projects\nvpro_core\third_party\glm\glm\glm.hpp">
      <Filter>Header Files</Filter>
    </ClInclude>
    <ClInclude Include="D:\Projects\nvpro_core\third_party\tinygltf\tiny_gltf.h">
      <Filter>Header Files</Filter>
    </ClInclude>
    <ClInclude Include="D:\Projects\nvpro_core\third_party\tinygltf\json.hpp">
      <Filter>Header Files</Filter>
    </ClInclude>
    <ClInclude Include="D:\Projects\nvpro_core\third_party\tinyobjloader\tiny_obj_loader.h">
      <Filter>Header Files</Filter>
    </ClInclude>
    <ClInclude Include="D:\Projects\nvpro_core\third_party\vma\include\vk_mem_alloc.h">
      <Filter>Header Files</Filter>
    </ClInclude>
    <ClInclude Include="D:\Projects\nvpro_core\third_party\NVTX\c\include\nvtx3\nvToolsExt.h">
      <Filter>Header Files</Filter>
    </ClInclude>
    <ClInclude Include="Raytrace.h">
      <Filter>Common</Filter>
    </ClInclude>
    <ClInclude Include="ObjStruct.h">
      <Filter>Common</Filter>
    </ClInclude>
    <ClInclude Include="hello_vulkan.h">
      <Filter>Sources</Filter>
    </ClInclude>
    <ClInclude Include="shaders\host_device.h">
      <Filter>Shader Headers</Filter>
    </ClInclude>
    <ClInclude Include="src\ShaderPushConstants.h">
      <Filter>Core\Const</Filter>
    </ClInclude>
    <ClInclude Include="src\ComputeBuffer.h">
      <Filter>Core\ShaderObjs</Filter>
    </ClInclude>
    <ClInclude Include="src\DescriptiveObject.h">
      <Filter>Core\ShaderObjs</Filter>
    </ClInclude>
    <ClInclude Include="src\DisjointCommandDispatcher.h">
      <Filter>Core\Vulkan</Filter>
    </ClInclude>
    <ClInclude Include="src\SpareFences.h">
      <Filter>Core\Vulkan</Filter>
    </ClInclude>
    <ClInclude Include="src\QueueFamilyIndices.h">
      <Filter>Core\Vulkan</Filter>
    </ClInclude>
    <ClInclude Include="src\ProductionPackage.h">
      <Filter>Core\Vulkan</Filter>
    </ClInclude>
    <ClInclude Include="src\NveTypes.h">
      <Filter>Core\Vulkan</Filter>
    </ClInclude>
    <ClInclude Include="src\SingleTimeCommands.h">
      <Filter>Core\Vulkan</Filter>
    </ClInclude>
    <ClInclude Include="src\StoredComputeShaders.h">
      <Filter>Core\ShaderObjs</Filter>
    </ClInclude>
    <ClInclude Include="src\trace.h">
      <Filter>Core\Utility</Filter>
    </ClInclude>
    <ClInclude Include="src\stdafx.h">
      <Filter>Core\Utility</Filter>
    </ClInclude>
    <ClInclude Include="src\ReadShader.h">
      <Filter>Core\Utility</Filter>
    </ClInclude>
    <ClInclude Include="src\QueueTypes.h">
      <Filter>Core\Vulkan</Filter>
    </ClInclude>
    <ClInclude Include="src\nveQueues.h">
      <Filter>Core\Vulkan</Filter>
    </ClInclude>
    <ClInclude Include="src\nve_staticQueue.h">
      <Filter>Core\Utility</Filter>
    </ClInclude>
    <ClInclude Include="src\nve_page.h">
      <Filter>Core\Vulkan</Filter>
    </ClInclude>
    <ClInclude Include="src\DistanceCalculation.h">
      <Filter>Core\Utility</Filter>
    </ClInclude>
    <ClInclude Include="src\PagedBinding.h">
      <Filter>Core\Vulkan</Filter>
    </ClInclude>
    <ClInclude Include="src\LoadComputeShaders.h">
      <Filter>Core\Compute Shaders</Filter>
    </ClInclude>
    <ClInclude Include="src\MonoidList.h">
      <Filter>Core\Compute Shaders</Filter>
    </ClInclude>
    <ClInclude Include="src\ComputeShader.h">
      <Filter>Core\Compute Shaders</Filter>
    </ClInclude>
    <ClInclude Include="src\FilePath.h">
      <Filter>Core</Filter>
    </ClInclude>
    <ClInclude Include="src\Tlas.h">
      <Filter>Core\Acceleration Structures</Filter>
    </ClInclude>
    <ClInclude Include="src\ModelManager.h">
      <Filter>Internal\Managers</Filter>
    </ClInclude>
    <ClInclude Include="src\ChunkVolume.h">
      <Filter>Internal\Chunks</Filter>
    </ClInclude>
    <ClInclude Include="src\Chunk.h">
      <Filter>Internal\Chunks</Filter>
    </ClInclude>
    <ClInclude Include="src\ChunkInterface.h">
      <Filter>Internal\Interfaces</Filter>
    </ClInclude>
    <ClInclude Include="src\ChunkManager.h">
      <Filter>Internal\Managers</Filter>
    </ClInclude>
    <ClInclude Include="src\GenerationCoordinator.h">
      <Filter>Internal\Managers</Filter>
    </ClInclude>
    <ClInclude Include="shaders\VoxelBrick.h">
      <Filter>Internal\Chunks</Filter>
    </ClInclude>
    <ClInclude Include="shaders\ChunkGPUConst.h">
      <Filter>Internal\Chunks</Filter>
    </ClInclude>
    <ClInclude Include="shaders\IndirectWorkGroups.h">
      <Filter>Internal</Filter>
    </ClInclude>
    <ClInclude Include="src\RenderPassGenerator.h">
      <Filter>Core\Compute Shaders</Filter>
    </ClInclude>
    <ClInclude Include="src\ManualRenderPass.h">
      <Filter>Core\Compute Shaders</Filter>
    </ClInclude>
    <ClInclude Include="shaders\ChunkGenerationConst.h">
      <Filter>Internal\Chunks</Filter>
    </ClInclude>
    <ClInclude Include="src\CallbackGPUMemory.h">
      <Filter>Core\Callback</Filter>
    </ClInclude>
    <ClInclude Include="src\Physics_Component.h">
      <Filter>Internal\Physics</Filter>
    </ClInclude>
    <ClInclude Include="src\PhysicsManager.h">
      <Filter>Internal\Managers</Filter>
    </ClInclude>
    <ClInclude Include="src\EntityManager.h">
      <Filter>Internal\Managers</Filter>
    </ClInclude>
    <ClInclude Include="src\ThreadStatus.h">
      <Filter>Core\Thread</Filter>
    </ClInclude>
    <ClInclude Include="src\Physics_Partition.h">
      <Filter>Internal\Physics</Filter>
    </ClInclude>
    <ClInclude Include="src\ChunkConst.h">
      <Filter>Internal\Chunks</Filter>
    </ClInclude>
    <ClInclude Include="src\Physics_Const.h">
      <Filter>Internal\Physics</Filter>
    </ClInclude>
    <ClInclude Include="src\Physics_Collisions.h">
      <Filter>Internal\Physics</Filter>
    </ClInclude>
    <ClInclude Include="shaders\Physics_CubeTraceInfo.h" />
    <ClInclude Include="shaders\Physics_RayCollision.h" />
    <ClInclude Include="shaders\Model.h">
      <Filter>Internal\Entity</Filter>
    </ClInclude>
    <ClInclude Include="shaders\EntityConst.h">
      <Filter>Internal\Entity</Filter>
    </ClInclude>
    <ClInclude Include="src\EntityFrameData.h">
      <Filter>Internal\EntityData</Filter>
    </ClInclude>
    <ClInclude Include="src\InterpolatedFrameData.h">
      <Filter>Internal\EntityData</Filter>
    </ClInclude>
    <ClInclude Include="src\CurrentEntityTLSData.h">
      <Filter>Internal\EntityData</Filter>
    </ClInclude>
    <ClInclude Include="shaders\AABBDef.h">
      <Filter>Common</Filter>
    </ClInclude>
  </ItemGroup>
  <ItemGroup>
    <None Include="shaders\frag_shader.frag">
      <Filter>Shader Sources</Filter>
    </None>
    <None Include="shaders\passthrough.vert">
      <Filter>Shader Sources</Filter>
    </None>
    <None Include="shaders\post.frag">
      <Filter>Shader Sources</Filter>
    </None>
    <None Include="shaders\vert_shader.vert">
      <Filter>Shader Sources</Filter>
    </None>
    <None Include="shaders\wavefront.glsl">
      <Filter>Shader Sources</Filter>
    </None>
    <None Include="shaders\raycommon.glsl">
      <Filter>Shader Headers</Filter>
    </None>
    <None Include="shaders\Helpers\ChunkHeaders.glsl">
      <Filter>Shader Headers\Helpers</Filter>
    </None>
    <None Include="shaders\Helpers\GPUMemory.glsl">
      <Filter>Shader Headers\Helpers</Filter>
    </None>
    <None Include="shaders\Inserts\ChunkHeaderAlloc.glsl">
      <Filter>Shader Sources\Voxels\Memory\Chunk Headers</Filter>
    </None>
    <None Include="shaders\Inserts\VoxelBrickMemAlloc.glsl">
      <Filter>Shader Sources\Voxels\Memory\VBrick Memory</Filter>
    </None>
    <None Include="shaders\Inserts\SVORaytracer.glsl">
      <Filter>Shader Sources\Voxels\Raytracer</Filter>
    </None>
    <None Include="shaders\Helpers\Rays.glsl">
      <Filter>Shader Headers\Helpers</Filter>
    </None>
    <None Include="shaders\Helpers\RayMasks.glsl">
      <Filter>Shader Headers\Helpers</Filter>
    </None>
    <None Include="shaders\Inserts\VolumeTracer.glsl">
      <Filter>Shader Sources\Voxels\Raytracer</Filter>
    </None>
    <None Include="shaders\Helpers\Simplex.glsl">
      <Filter>Shader Sources\Noise</Filter>
    </None>
    <None Include="shaders\Helpers\Interpolate.glsl">
      <Filter>Shader Sources\Noise</Filter>
    </None>
    <None Include="shaders\Helpers\ChunkIndexing.glsl">
      <Filter>Shader Sources\Noise</Filter>
    </None>
    <None Include="shaders\Helpers\CollisionConst.glsl">
      <Filter>Shader Sources\Physics</Filter>
    </None>
    <None Include="shaders\Helpers\AABB.glsl">
      <Filter>Shader Headers\Helpers</Filter>
    </None>
  </ItemGroup>
  <ItemGroup>
    <ResourceCompile Include="D:\Projects\nvpro_core\nvp\resources.rc">
      <Filter>Common</Filter>
    </ResourceCompile>
  </ItemGroup>
  <ItemGroup>
    <Filter Include="Common">
      <UniqueIdentifier>{20B92255-616D-35CF-B0B5-C0B5EEE47D55}</UniqueIdentifier>
    </Filter>
    <Filter Include="Header Files">
      <UniqueIdentifier>{D8163786-29E6-305C-A37F-9709B3DD4D97}</UniqueIdentifier>
    </Filter>
    <Filter Include="Shader Headers">
      <UniqueIdentifier>{87BE6AC8-0C57-3251-B239-18F6063D265E}</UniqueIdentifier>
    </Filter>
    <Filter Include="Shader Sources">
      <UniqueIdentifier>{C41FF5EC-507D-347B-9289-B68684E636CF}</UniqueIdentifier>
    </Filter>
    <Filter Include="Sources">
      <UniqueIdentifier>{4116A675-4BB1-3D20-9035-A814AB222C18}</UniqueIdentifier>
    </Filter>
    <Filter Include="Core">
      <UniqueIdentifier>{3a77ad55-c99b-44e3-a522-88461f17ff5a}</UniqueIdentifier>
    </Filter>
    <Filter Include="Core\Source">
      <UniqueIdentifier>{0a9f1b0c-b9ec-4042-8e0f-d2c2e41189f2}</UniqueIdentifier>
    </Filter>
    <Filter Include="Core\Const">
      <UniqueIdentifier>{76ab291d-da94-438e-b1b7-9ede5cb44e8f}</UniqueIdentifier>
    </Filter>
    <Filter Include="Core\ShaderObjs">
      <UniqueIdentifier>{da041f90-1021-46b7-b61a-a4f5141ef5f9}</UniqueIdentifier>
    </Filter>
    <Filter Include="Core\Vulkan">
      <UniqueIdentifier>{b5044c11-fffb-4ed9-8e67-6a59f7d7cbe9}</UniqueIdentifier>
    </Filter>
    <Filter Include="Core\Utility">
      <UniqueIdentifier>{3f413957-66ab-41df-84b1-8968311ac37a}</UniqueIdentifier>
    </Filter>
    <Filter Include="Core\Compute Shaders">
      <UniqueIdentifier>{e11c0171-2041-4266-a30c-2d5c8c495039}</UniqueIdentifier>
    </Filter>
    <Filter Include="Internal">
      <UniqueIdentifier>{2cd6783a-afab-4891-9928-92e7969a957f}</UniqueIdentifier>
    </Filter>
    <Filter Include="Internal\Managers">
      <UniqueIdentifier>{e649fb93-68f0-4c71-98a0-42dc16602963}</UniqueIdentifier>
    </Filter>
    <Filter Include="Core\Acceleration Structures">
      <UniqueIdentifier>{2d449a4e-2729-466c-aa19-cc1563711357}</UniqueIdentifier>
    </Filter>
    <Filter Include="Shader Sources\Voxels">
      <UniqueIdentifier>{03132abf-eb54-445a-8c66-299454df0eda}</UniqueIdentifier>
    </Filter>
    <Filter Include="Shader Sources\Voxels\Memory">
      <UniqueIdentifier>{f6b203b8-f0f1-41ae-885c-d62915346d21}</UniqueIdentifier>
    </Filter>
    <Filter Include="Shader Sources\Voxels\Memory\Chunk Headers">
      <UniqueIdentifier>{d84aa54b-aabd-4bd2-bcb1-4d7531bfbb66}</UniqueIdentifier>
    </Filter>
    <Filter Include="Shader Sources\Voxels\Memory\VBrick Memory">
      <UniqueIdentifier>{5d2eb7f9-3d8d-42c3-b176-4b49d18c758e}</UniqueIdentifier>
    </Filter>
    <Filter Include="Shader Headers\Helpers">
      <UniqueIdentifier>{c897d371-27a1-4bab-bf8a-5754ca8521fb}</UniqueIdentifier>
    </Filter>
    <Filter Include="Internal\Chunks">
      <UniqueIdentifier>{c661261a-dd2f-495e-8dd9-081ea48bca19}</UniqueIdentifier>
    </Filter>
    <Filter Include="Internal\Entity">
      <UniqueIdentifier>{28c62dd1-1673-4b4c-aa82-4dd4075a23a0}</UniqueIdentifier>
    </Filter>
    <Filter Include="Internal\Interfaces">
      <UniqueIdentifier>{bbc408f9-6031-41dc-88e0-753b524f25cf}</UniqueIdentifier>
    </Filter>
    <Filter Include="Shader Sources\Voxels\Raytracer">
      <UniqueIdentifier>{558c41b6-3285-4b8b-8603-eb7e5444149e}</UniqueIdentifier>
    </Filter>
    <Filter Include="Shader Sources\Voxels\Chunks">
      <UniqueIdentifier>{b8045f26-1a88-410e-8402-f6ae96b5999a}</UniqueIdentifier>
    </Filter>
    <Filter Include="Shader Sources\Noise">
      <UniqueIdentifier>{d836736d-b900-4195-a05c-931965ab1b95}</UniqueIdentifier>
    </Filter>
    <Filter Include="Core\Callback">
      <UniqueIdentifier>{63a7095c-bb4d-434e-9e5e-32de1a858e6e}</UniqueIdentifier>
    </Filter>
    <Filter Include="Internal\Physics">
      <UniqueIdentifier>{88d11a20-1ae6-47f1-89f1-839a1cfea27a}</UniqueIdentifier>
    </Filter>
    <Filter Include="Core\Thread">
      <UniqueIdentifier>{68ea6dbb-5569-4ad1-9cb0-5d54a9b0c0ca}</UniqueIdentifier>
    </Filter>
    <Filter Include="Shader Sources\Physics">
      <UniqueIdentifier>{bb37f4d9-9710-4488-ac79-d1ed5aefde12}</UniqueIdentifier>
    </Filter>
    <Filter Include="Internal\EntityData">
      <UniqueIdentifier>{44cb17e2-9836-41c8-a998-8665c606b920}</UniqueIdentifier>
    </Filter>
  </ItemGroup>
  <ItemGroup>
    <GLSLShader Include="shaders\raytrace.rchit">
      <Filter>Shader Sources</Filter>
    </GLSLShader>
    <GLSLShader Include="shaders\raytrace.rgen">
      <Filter>Shader Sources</Filter>
    </GLSLShader>
    <GLSLShader Include="shaders\raytrace.rint">
      <Filter>Shader Sources</Filter>
    </GLSLShader>
    <GLSLShader Include="shaders\raytrace.rmiss">
      <Filter>Shader Sources</Filter>
    </GLSLShader>
    <GLSLShader Include="shaders\CopyListToVoxelBrickIndirect.comp">
      <Filter>Shader Sources\Voxels\Memory\VBrick Memory</Filter>
    </GLSLShader>
    <GLSLShader Include="shaders\ChunkTrace.rchit">
      <Filter>Shader Sources\Voxels\Chunks</Filter>
    </GLSLShader>
    <GLSLShader Include="shaders\WriteNewChunkVolume.comp">
      <Filter>Shader Sources\Voxels\Chunks</Filter>
    </GLSLShader>
    <GLSLShader Include="shaders\UpdateChunkInVolume.comp">
      <Filter>Shader Sources\Voxels\Chunks</Filter>
    </GLSLShader>
    <GLSLShader Include="shaders\GenerateHeightmap.comp">
      <Filter>Shader Sources\Noise</Filter>
    </GLSLShader>
    <GLSLShader Include="shaders\Generate3DNoise.comp">
      <Filter>Shader Sources\Noise</Filter>
    </GLSLShader>
    <GLSLShader Include="shaders\InitialCollisionDetectionScatter.comp">
      <Filter>Shader Sources\Physics</Filter>
    </GLSLShader>
    <GLSLShader Include="shaders\ObjectWorldCollisionDetection.comp">
      <Filter>Shader Sources\Physics</Filter>
    </GLSLShader>
  </ItemGroup>
  <ItemGroup>
    <Text Include="CMakeLists.txt" />
  </ItemGroup>
  <ItemGroup>
    <IGLSLShader Include="shaders\VoxelBrickMemoryAllocator.comp">
      <Filter>Shader Sources\Voxels\Memory\VBrick Memory</Filter>
    </IGLSLShader>
    <IGLSLShader Include="shaders\ChunkTrace.rint">
      <Filter>Shader Sources\Voxels\Chunks</Filter>
    </IGLSLShader>
  </ItemGroup>
</Project>